
Microsoft Visual Studio Solution File, Format Version 12.00
# Visual Studio Version 17
VisualStudioVersion = 17.8.34004.107
MinimumVisualStudioVersion = 10.0.40219.1
Project("{FAE04EC0-301F-11D3-BF4B-00C04F79EFBC}") = "InstructionModel", "InstructionModel\InstructionModel.csproj", "{FF26F3B4-C619-46AC-A4CA-D678C8E6E355}"
EndProject
Global
	GlobalSection(SolutionConfigurationPlatforms) = preSolution
		Debug|Any CPU = Debug|Any CPU
		Release|Any CPU = Release|Any CPU
	EndGlobalSection
	GlobalSection(ProjectConfigurationPlatforms) = postSolution
		{FF26F3B4-C619-46AC-A4CA-D678C8E6E355}.Debug|Any CPU.ActiveCfg = Debug|Any CPU
		{FF26F3B4-C619-46AC-A4CA-D678C8E6E355}.Debug|Any CPU.Build.0 = Debug|Any CPU
		{FF26F3B4-C619-46AC-A4CA-D678C8E6E355}.Release|Any CPU.ActiveCfg = Release|Any CPU
		{FF26F3B4-C619-46AC-A4CA-D678C8E6E355}.Release|Any CPU.Build.0 = Release|Any CPU
	EndGlobalSection
	GlobalSection(SolutionProperties) = preSolution
		HideSolutionNode = FALSE
	EndGlobalSection
	GlobalSection(ExtensibilityGlobals) = postSolution
		SolutionGuid = {1489EEA8-9935-4959-9FBC-F901A54A62F9}
	EndGlobalSection
EndGlobal
